
Microsoft Visual Studio Solution File, Format Version 12.00
# Visual Studio Version 17
VisualStudioVersion = 17.6.33829.357
MinimumVisualStudioVersion = 10.0.40219.1
Project("{FAE04EC0-301F-11D3-BF4B-00C04F79EFBC}") = "InlämningsUppgift3Grafik", "InlämningsUppgift3Grafik.csproj", "{463419D9-6CF6-4B27-9FD3-25E6FBFE05E0}"
EndProject
Global
	GlobalSection(SolutionConfigurationPlatforms) = preSolution
		Debug|Any CPU = Debug|Any CPU
		Release|Any CPU = Release|Any CPU
	EndGlobalSection
	GlobalSection(ProjectConfigurationPlatforms) = postSolution
		{463419D9-6CF6-4B27-9FD3-25E6FBFE05E0}.Debug|Any CPU.ActiveCfg = Debug|Any CPU
		{463419D9-6CF6-4B27-9FD3-25E6FBFE05E0}.Debug|Any CPU.Build.0 = Debug|Any CPU
		{463419D9-6CF6-4B27-9FD3-25E6FBFE05E0}.Release|Any CPU.ActiveCfg = Release|Any CPU
		{463419D9-6CF6-4B27-9FD3-25E6FBFE05E0}.Release|Any CPU.Build.0 = Release|Any CPU
	EndGlobalSection
	GlobalSection(SolutionProperties) = preSolution
		HideSolutionNode = FALSE
	EndGlobalSection
	GlobalSection(ExtensibilityGlobals) = postSolution
		SolutionGuid = {AAC6BFEF-121D-4EED-A75D-C6B1C6EDD454}
	EndGlobalSection
EndGlobal
